
Microsoft Visual Studio Solution File, Format Version 12.00
# Visual Studio 2012
Project("{FAE04EC0-301F-11D3-BF4B-00C04F79EFBC}") = "CafeAspNet", "CafeAspNet\CafeAspNet.csproj", "{618F17A6-43F2-45EE-8114-C28BD607024F}"
EndProject
Global
	GlobalSection(SolutionConfigurationPlatforms) = preSolution
		Debug|Any CPU = Debug|Any CPU
		Release|Any CPU = Release|Any CPU
	EndGlobalSection
	GlobalSection(ProjectConfigurationPlatforms) = postSolution
		{618F17A6-43F2-45EE-8114-C28BD607024F}.Debug|Any CPU.ActiveCfg = Debug|Any CPU
		{618F17A6-43F2-45EE-8114-C28BD607024F}.Debug|Any CPU.Build.0 = Debug|Any CPU
		{618F17A6-43F2-45EE-8114-C28BD607024F}.Release|Any CPU.ActiveCfg = Release|Any CPU
		{618F17A6-43F2-45EE-8114-C28BD607024F}.Release|Any CPU.Build.0 = Release|Any CPU
	EndGlobalSection
EndGlobal
